[tools.ansible]
version = "11.3.0"
backend = "pipx:ansible[uvx=false,pipx_args=--include-deps]"

[tools.container-structure-test]
version = "1.19.3"
backend = "aqua:GoogleContainerTools/container-structure-test"

[tools.container-structure-test.checksums]
container-structure-test-darwin-arm64 = "sha256:231098768217c3594667c521e991574bfd4370b3b3de959208d54059657fd956"

[tools.cosign]
version = "2.4.3"
backend = "aqua:sigstore/cosign"

[tools.cosign.checksums]
cosign-darwin-arm64 = "sha256:edfc761b27ced77f0f9ca288ff4fac7caa898e1e9db38f4dfdf72160cdf8e638"

[tools.go]
version = "1.24.1"
backend = "core:go"

[tools.go.checksums]
"go1.24.1.darwin-arm64.tar.gz" = "sha256:295581b5619acc92f5106e5bcb05c51869337eb19742fdfa6c8346c18e78ff88"

[tools.hk]
version = "0.5.0"
backend = "aqua:jdx/hk"

[tools.hk.checksums]
"hk-aarch64-apple-darwin.tar.gz" = "sha256:bb6cdf9d9531de3c144d1a40279c976938d13796c5da32344c710116330f86e3"

[tools.jq]
version = "1.7.1"
backend = "aqua:jqlang/jq"

[tools.jq.checksums]
jq-macos-arm64 = "sha256:0bbe619e663e0de2c550be2fe0d240d076799d6f8a652b70fa04aea8a8362e8a"

[tools.k9s]
version = "0.40.5"
backend = "aqua:derailed/k9s"

[tools.k9s.checksums]
"k9s_Darwin_arm64.tar.gz" = "sha256:24ba917037c8f7d397bbf5b1eacad18b9c197ea43fa426f69425ae4303c59bf3"

[tools.kubectl]
version = "1.32.2"
backend = "aqua:kubernetes/kubectl"

[tools.kubectl.checksums]
kubectl = "sha256:31b6318deaa72014b72121e1c7a2e12496d077cee49bbeda94250aec4c978ffb"

[tools.pkl]
version = "0.28.1"
backend = "aqua:apple/pkl"

[tools.pkl.checksums]
pkl-macos-aarch64 = "sha256:d393dedaa7067eb5c96ff99c89e73f463a96f64b4e231bfeee42b98547b10fe0"

[tools.python]
version = "3.13.2"
backend = "core:python"

[tools.shellcheck]
version = "0.10.0"
backend = "aqua:koalaman/shellcheck"

[tools.shellcheck.checksums]
"shellcheck-v0.10.0.darwin.aarch64.tar.xz" = "sha256:bbd2f14826328eee7679da7221f2bc3afb011f6a928b848c80c321f6046ddf81"

[tools.skaffold]
version = "2.14.1"
backend = "aqua:GoogleContainerTools/skaffold"

[tools.skaffold.checksums]
skaffold-darwin-arm64 = "sha256:db6b0f96dad4bfe7fce7253c051990e34e0cad59b9103707ffff809ccabb693c"

[tools.slsa-verifier]
version = "2.7.0"
backend = "ubi:slsa-framework/slsa-verifier"

[tools.slsa-verifier.checksums]
slsa-verifier-macos-aarch64 = "sha256:84d9122ce12e0c79080844285fd5c4976407ed3463e434a1b21b0979c46b1e55"

[tools.usage]
version = "2.0.5"
backend = "ubi:jdx/usage"

[tools.usage.checksums]
usage-macos-aarch64 = "sha256:2d8f0fa22b3c198f65201e6fa618e443a5351e80cdd1960525c935eaf7a8f452"

[tools.yq]
version = "4.45.1"
backend = "aqua:mikefarah/yq"

[tools.yq.checksums]
yq_darwin_arm64 = "sha256:83edb55e254993f9043d01a1515205b54ffc2c7ce815a780573da64afaf2c71b"
