# @generated - this file is auto-generated by `mise lock` https://mise.jdx.dev/dev-tools/mise-lock.html

[[tools.ansible]]
version = "13.4.0"
backend = "pipx:ansible"

[tools.ansible.options]
pipx_args = "--include-deps"
uvx = "false"

[[tools.container-structure-test]]
version = "1.22.1"
backend = "aqua:GoogleContainerTools/container-structure-test"

[tools.container-structure-test."platforms.macos-arm64"]
checksum = "sha256:ba00172029ecec3afda7fd93a5eee7cdaef710196df7103689da3386eba56b0a"
url = "https://github.com/GoogleContainerTools/container-structure-test/releases/download/v1.22.1/container-structure-test-darwin-arm64"

[[tools.cosign]]
version = "3.0.5"
backend = "aqua:sigstore/cosign"

[tools.cosign."platforms.linux-arm64"]
checksum = "sha256:d098f3168ae4b3aa70b4ca78947329b953272b487727d1722cb3cb098a1a20ab"
url = "https://github.com/sigstore/cosign/releases/download/v3.0.5/cosign-linux-arm64"
provenance = "cosign"

[tools.cosign."platforms.linux-arm64-musl"]
checksum = "sha256:d098f3168ae4b3aa70b4ca78947329b953272b487727d1722cb3cb098a1a20ab"
url = "https://github.com/sigstore/cosign/releases/download/v3.0.5/cosign-linux-arm64"
provenance = "cosign"

[tools.cosign."platforms.linux-x64"]
checksum = "sha256:db15cc99e6e4837daabab023742aaddc3841ce57f193d11b7c3e06c8003642b2"
url = "https://github.com/sigstore/cosign/releases/download/v3.0.5/cosign-linux-amd64"
provenance = "cosign"

[tools.cosign."platforms.linux-x64-musl"]
checksum = "sha256:db15cc99e6e4837daabab023742aaddc3841ce57f193d11b7c3e06c8003642b2"
url = "https://github.com/sigstore/cosign/releases/download/v3.0.5/cosign-linux-amd64"
provenance = "cosign"

[tools.cosign."platforms.macos-arm64"]
checksum = "sha256:4888c898e2901521a6bd4cf4f0383c9465588a6a46ecd2465ad34faf13f09eb7"
url = "https://github.com/sigstore/cosign/releases/download/v3.0.5/cosign-darwin-arm64"
provenance = "cosign"

[tools.cosign."platforms.macos-x64"]
checksum = "sha256:e032c44d3f7c247bbb2966b41239f88ffba002497a4516358d327ad5693c386f"
url = "https://github.com/sigstore/cosign/releases/download/v3.0.5/cosign-darwin-amd64"
provenance = "cosign"

[tools.cosign."platforms.windows-x64"]
checksum = "sha256:44e9e44202b67ddfaaf5ea1234f5a265417960c4ae98c5b57c35bc40ba9dd714"
url = "https://github.com/sigstore/cosign/releases/download/v3.0.5/cosign-windows-amd64.exe"
provenance = "cosign"

[[tools.flux2]]
version = "2.8.1"
backend = "aqua:fluxcd/flux2"

[tools.flux2."platforms.linux-arm64"]
checksum = "sha256:0cf9f567939c38e9735f1dad525c2118d1e0892abdb6ff0a03134551f61f0804"
url = "https://github.com/fluxcd/flux2/releases/download/v2.8.1/flux_2.8.1_linux_arm64.tar.gz"
provenance = "slsa"

[tools.flux2."platforms.linux-arm64-musl"]
checksum = "sha256:0cf9f567939c38e9735f1dad525c2118d1e0892abdb6ff0a03134551f61f0804"
url = "https://github.com/fluxcd/flux2/releases/download/v2.8.1/flux_2.8.1_linux_arm64.tar.gz"
provenance = "slsa"

[tools.flux2."platforms.linux-x64"]
checksum = "sha256:15d96c2246e129903c7bdaeb9a5cd3074c774763523601526e1c31f7b1513f08"
url = "https://github.com/fluxcd/flux2/releases/download/v2.8.1/flux_2.8.1_linux_amd64.tar.gz"
provenance = "slsa"

[tools.flux2."platforms.linux-x64-musl"]
checksum = "sha256:15d96c2246e129903c7bdaeb9a5cd3074c774763523601526e1c31f7b1513f08"
url = "https://github.com/fluxcd/flux2/releases/download/v2.8.1/flux_2.8.1_linux_amd64.tar.gz"
provenance = "slsa"

[tools.flux2."platforms.macos-arm64"]
checksum = "sha256:8dd67b9151c77115e4486cf8c0533a9fce8b147803dab66b6f07fa201380e9af"
url = "https://github.com/fluxcd/flux2/releases/download/v2.8.1/flux_2.8.1_darwin_arm64.tar.gz"

[tools.flux2."platforms.macos-arm64".provenance.slsa]
url = "https://github.com/fluxcd/flux2/releases/download/v2.8.1/provenance.intoto.jsonl"

[tools.flux2."platforms.macos-x64"]
checksum = "sha256:06cd154c50520bfc5cd948199cfdaf8ac3668c85d03424815237cf48bd686ccd"
url = "https://github.com/fluxcd/flux2/releases/download/v2.8.1/flux_2.8.1_darwin_amd64.tar.gz"
provenance = "slsa"

[tools.flux2."platforms.windows-x64"]
checksum = "sha256:657bd35929c81599618d193edc47255373cf7c11ec54f107e33297603a311a70"
url = "https://github.com/fluxcd/flux2/releases/download/v2.8.1/flux_2.8.1_windows_amd64.zip"
provenance = "slsa"

[[tools.gh]]
version = "2.88.0"
backend = "aqua:cli/cli"

[tools.gh."platforms.linux-arm64"]
checksum = "sha256:d9bffed5c9bb65fca9d6097eaa3ebd6edb7438c8bfd641f8595a39c7dc69042f"
url = "https://github.com/cli/cli/releases/download/v2.88.0/gh_2.88.0_linux_arm64.tar.gz"

[tools.gh."platforms.linux-arm64-musl"]
checksum = "sha256:d9bffed5c9bb65fca9d6097eaa3ebd6edb7438c8bfd641f8595a39c7dc69042f"
url = "https://github.com/cli/cli/releases/download/v2.88.0/gh_2.88.0_linux_arm64.tar.gz"

[tools.gh."platforms.linux-x64"]
checksum = "sha256:4d268420ad31846a807e3012ac4b6547df662777e7776fa7f4c55ce062e15b15"
url = "https://github.com/cli/cli/releases/download/v2.88.0/gh_2.88.0_linux_amd64.tar.gz"

[tools.gh."platforms.linux-x64-musl"]
checksum = "sha256:4d268420ad31846a807e3012ac4b6547df662777e7776fa7f4c55ce062e15b15"
url = "https://github.com/cli/cli/releases/download/v2.88.0/gh_2.88.0_linux_amd64.tar.gz"

[tools.gh."platforms.macos-arm64"]
checksum = "sha256:0ea4edb4b1be0ffa2b4c53bcce81691dd58647bb03bfb5b9fdb01ee5b2afc581"
url = "https://github.com/cli/cli/releases/download/v2.88.0/gh_2.88.0_macOS_arm64.zip"
provenance = "github-attestations"

[tools.gh."platforms.macos-x64"]
checksum = "sha256:49d309a6b2152807fb0a70d6db02d14a2d9264b01f52c852938aadb331f4cf70"
url = "https://github.com/cli/cli/releases/download/v2.88.0/gh_2.88.0_macOS_amd64.zip"

[tools.gh."platforms.windows-x64"]
checksum = "sha256:0cbf0abde47cd873edbf937e30665d665c07145ff14199f81358d0188affae57"
url = "https://github.com/cli/cli/releases/download/v2.88.0/gh_2.88.0_windows_amd64.zip"

[[tools.go]]
version = "1.26.1"
backend = "core:go"

[tools.go."platforms.linux-arm64"]
checksum = "sha256:a290581cfe4fe28ddd737dde3095f3dbeb7f2e4065cab4eae44dfc53b760c2f7"
url = "https://dl.google.com/go/go1.26.1.linux-arm64.tar.gz"

[tools.go."platforms.linux-arm64-musl"]
checksum = "sha256:a290581cfe4fe28ddd737dde3095f3dbeb7f2e4065cab4eae44dfc53b760c2f7"
url = "https://dl.google.com/go/go1.26.1.linux-arm64.tar.gz"

[tools.go."platforms.linux-x64"]
checksum = "sha256:031f088e5d955bab8657ede27ad4e3bc5b7c1ba281f05f245bcc304f327c987a"
url = "https://dl.google.com/go/go1.26.1.linux-amd64.tar.gz"

[tools.go."platforms.linux-x64-musl"]
checksum = "sha256:031f088e5d955bab8657ede27ad4e3bc5b7c1ba281f05f245bcc304f327c987a"
url = "https://dl.google.com/go/go1.26.1.linux-amd64.tar.gz"

[tools.go."platforms.macos-arm64"]
checksum = "sha256:353df43a7811ce284c8938b5f3c7df40b7bfb6f56cb165b150bc40b5e2dd541f"
url = "https://dl.google.com/go/go1.26.1.darwin-arm64.tar.gz"

[tools.go."platforms.macos-x64"]
checksum = "sha256:65773dab2f8cc4cd23d93ba6d0a805de150ca0b78378879292be0b903b8cdd08"
url = "https://dl.google.com/go/go1.26.1.darwin-amd64.tar.gz"

[tools.go."platforms.windows-x64"]
checksum = "sha256:9b68112c913f45b7aebbf13c036721264bbba7e03a642f8f7490c561eebd1ecc"
url = "https://dl.google.com/go/go1.26.1.windows-amd64.zip"

[[tools.helm]]
version = "4.1.1"
backend = "aqua:helm/helm"

[tools.helm."platforms.linux-arm64"]
checksum = "sha256:02a5fb7742469d2d132e24cb7c3f52885894043576588c6788b6813297629edd"
url = "https://get.helm.sh/helm-v4.1.1-linux-arm64.tar.gz"

[tools.helm."platforms.linux-arm64-musl"]
checksum = "sha256:02a5fb7742469d2d132e24cb7c3f52885894043576588c6788b6813297629edd"
url = "https://get.helm.sh/helm-v4.1.1-linux-arm64.tar.gz"

[tools.helm."platforms.linux-x64"]
checksum = "sha256:5d4c7623283e6dfb1971957f4b755468ab64917066a8567dd50464af298f4031"
url = "https://get.helm.sh/helm-v4.1.1-linux-amd64.tar.gz"

[tools.helm."platforms.linux-x64-musl"]
checksum = "sha256:5d4c7623283e6dfb1971957f4b755468ab64917066a8567dd50464af298f4031"
url = "https://get.helm.sh/helm-v4.1.1-linux-amd64.tar.gz"

[tools.helm."platforms.macos-arm64"]
checksum = "sha256:b8f49e105b1d2fd8c8a90ba3fc9af48db91d2d1ca3b9e788352fc7c896bbb71a"
url = "https://get.helm.sh/helm-v4.1.1-darwin-arm64.tar.gz"

[tools.helm."platforms.macos-x64"]
checksum = "sha256:6b8dbb03abb74e9ab8e69ca3f9b6459178be11317d0ac502f922621c05fdc866"
url = "https://get.helm.sh/helm-v4.1.1-darwin-amd64.tar.gz"

[tools.helm."platforms.windows-x64"]
checksum = "sha256:bd0528a18d8a22431426eab3138a9479dfae00350719ac4150e81b123bfd6081"
url = "https://get.helm.sh/helm-v4.1.1-windows-amd64.tar.gz"

[[tools.hk]]
version = "1.38.0"
backend = "aqua:jdx/hk"

[tools.hk."platforms.linux-arm64"]
checksum = "sha256:c012fea4a0cd9659088c10601c3ae085c5ac4407eeeaa442ced1913a5f26f8a7"
url = "https://github.com/jdx/hk/releases/download/v1.38.0/hk-aarch64-unknown-linux-gnu.tar.gz"

[tools.hk."platforms.linux-arm64-musl"]
checksum = "sha256:c012fea4a0cd9659088c10601c3ae085c5ac4407eeeaa442ced1913a5f26f8a7"
url = "https://github.com/jdx/hk/releases/download/v1.38.0/hk-aarch64-unknown-linux-gnu.tar.gz"

[tools.hk."platforms.linux-x64"]
checksum = "sha256:cb34efc1829a1d59c0cd526be494a9f01b36d1c9965087cff09a09f32d129431"
url = "https://github.com/jdx/hk/releases/download/v1.38.0/hk-x86_64-unknown-linux-gnu.tar.gz"

[tools.hk."platforms.linux-x64-musl"]
checksum = "sha256:cb34efc1829a1d59c0cd526be494a9f01b36d1c9965087cff09a09f32d129431"
url = "https://github.com/jdx/hk/releases/download/v1.38.0/hk-x86_64-unknown-linux-gnu.tar.gz"

[tools.hk."platforms.macos-arm64"]
checksum = "sha256:02421d12f8a706d5753eec1652f966c8df90bf810e4153b3a560f4038c784529"
url = "https://github.com/jdx/hk/releases/download/v1.38.0/hk-aarch64-apple-darwin.tar.gz"

[tools.hk."platforms.windows-x64"]
checksum = "sha256:3850e253ebe3b13b6932e951606eafe56801031c663437d656a49dc0ab9fdbf4"
url = "https://github.com/jdx/hk/releases/download/v1.38.0/hk-x86_64-pc-windows-msvc.zip"

[[tools.jq]]
version = "1.8.1"
backend = "aqua:jqlang/jq"

[tools.jq."platforms.macos-arm64"]
checksum = "sha256:a9fe3ea2f86dfc72f6728417521ec9067b343277152b114f4e98d8cb0e263603"
url = "https://github.com/jqlang/jq/releases/download/jq-1.8.1/jq-macos-arm64"

[[tools.k9s]]
version = "0.50.18"
backend = "aqua:derailed/k9s"

[tools.k9s."platforms.linux-arm64"]
checksum = "sha256:d3dcc051d6be26ee911c00f583412802ebe203a189e51bc079332cb410c83b38"
url = "https://github.com/derailed/k9s/releases/download/v0.50.18/k9s_Linux_arm64.tar.gz"

[tools.k9s."platforms.linux-arm64-musl"]
checksum = "sha256:d3dcc051d6be26ee911c00f583412802ebe203a189e51bc079332cb410c83b38"
url = "https://github.com/derailed/k9s/releases/download/v0.50.18/k9s_Linux_arm64.tar.gz"

[tools.k9s."platforms.linux-x64"]
checksum = "sha256:0b697ed4aa80997f7de4deeed6f1fba73df191b28bf691b1f28d2f45fa2a9e9b"
url = "https://github.com/derailed/k9s/releases/download/v0.50.18/k9s_Linux_amd64.tar.gz"

[tools.k9s."platforms.linux-x64-musl"]
checksum = "sha256:0b697ed4aa80997f7de4deeed6f1fba73df191b28bf691b1f28d2f45fa2a9e9b"
url = "https://github.com/derailed/k9s/releases/download/v0.50.18/k9s_Linux_amd64.tar.gz"

[tools.k9s."platforms.macos-arm64"]
checksum = "sha256:68ff1541c60620466989019e86101805c1b6c70a746b1561261a403801f7fd48"
url = "https://github.com/derailed/k9s/releases/download/v0.50.18/k9s_Darwin_arm64.tar.gz"

[tools.k9s."platforms.macos-x64"]
checksum = "sha256:80f3e30767ad3603bec9664db019e85f94493aa741d7755553ee6e47876df30e"
url = "https://github.com/derailed/k9s/releases/download/v0.50.18/k9s_Darwin_amd64.tar.gz"

[tools.k9s."platforms.windows-x64"]
checksum = "sha256:9d4e8672c4e55c04cb137475062bc88da7fc0878e04d53df181196449600da16"
url = "https://github.com/derailed/k9s/releases/download/v0.50.18/k9s_Windows_amd64.zip"

[[tools.kubectl]]
version = "1.35.2"
backend = "aqua:kubernetes/kubectl"

[tools.kubectl."platforms.linux-arm64"]
checksum = "sha256:cd859449f54ad2cb05b491c490c13bb836cdd0886ae013c0aed3dd67ff747467"
url = "https://dl.k8s.io/v1.35.2/bin/linux/arm64/kubectl"

[tools.kubectl."platforms.linux-arm64-musl"]
checksum = "sha256:cd859449f54ad2cb05b491c490c13bb836cdd0886ae013c0aed3dd67ff747467"
url = "https://dl.k8s.io/v1.35.2/bin/linux/arm64/kubectl"

[tools.kubectl."platforms.linux-x64"]
checksum = "sha256:924eb50779153f20cb668117d141440b95df2f325a64452d78dff9469145e277"
url = "https://dl.k8s.io/v1.35.2/bin/linux/amd64/kubectl"

[tools.kubectl."platforms.linux-x64-musl"]
checksum = "sha256:924eb50779153f20cb668117d141440b95df2f325a64452d78dff9469145e277"
url = "https://dl.k8s.io/v1.35.2/bin/linux/amd64/kubectl"

[tools.kubectl."platforms.macos-arm64"]
checksum = "sha256:b0b59cdd7ba20ca20b85214943100e578dd50ddd85242fcddf277a87c2249706"
url = "https://dl.k8s.io/v1.35.2/bin/darwin/arm64/kubectl"

[tools.kubectl."platforms.macos-x64"]
checksum = "sha256:163955964d4ed9e66656eab45c0114f5c1110d1b430ace432b20ddc430023df5"
url = "https://dl.k8s.io/v1.35.2/bin/darwin/amd64/kubectl"

[tools.kubectl."platforms.windows-x64"]
checksum = "sha256:a6d02010aae330a3031afe7843747d5a18db59c9f0bca415e45fb24bbdccdd2c"
url = "https://dl.k8s.io/v1.35.2/bin/windows/amd64/kubectl.exe"

[[tools.kubectx]]
version = "0.9.5"
backend = "aqua:ahmetb/kubectx"

[[tools.pkl]]
version = "0.31.0"
backend = "aqua:apple/pkl"

[tools.pkl."platforms.linux-arm64"]
checksum = "sha256:471460cdd11e1cb9ac0a5401fdb05277ae3adb3a4573cc0a9c63ee087c1f93c8"
url = "https://github.com/apple/pkl/releases/download/0.31.0/pkl-linux-aarch64"

[tools.pkl."platforms.linux-arm64-musl"]
checksum = "sha256:471460cdd11e1cb9ac0a5401fdb05277ae3adb3a4573cc0a9c63ee087c1f93c8"
url = "https://github.com/apple/pkl/releases/download/0.31.0/pkl-linux-aarch64"

[tools.pkl."platforms.linux-x64"]
checksum = "sha256:5a5c2a889b68ca92ff4258f9d277f92412b98dfef5057daef7564202a20870b6"
url = "https://github.com/apple/pkl/releases/download/0.31.0/pkl-linux-amd64"

[tools.pkl."platforms.linux-x64-musl"]
checksum = "sha256:5a5c2a889b68ca92ff4258f9d277f92412b98dfef5057daef7564202a20870b6"
url = "https://github.com/apple/pkl/releases/download/0.31.0/pkl-linux-amd64"

[tools.pkl."platforms.macos-arm64"]
checksum = "sha256:349402ae32c35382c034b0c0af744ffb0d53a213888c44deec94a7810e144889"
url = "https://github.com/apple/pkl/releases/download/0.31.0/pkl-macos-aarch64"

[tools.pkl."platforms.macos-x64"]
checksum = "sha256:9f1cc8e3ac2327bc483b90d0c220da20eb785c3ba3fe92e021f47d3d56768282"
url = "https://github.com/apple/pkl/releases/download/0.31.0/pkl-macos-amd64"

[tools.pkl."platforms.windows-x64"]
checksum = "sha256:37d35ce8a165766502fb13799071d4cefa84d39fb455c75c471b47b9b5d12b04"
url = "https://github.com/apple/pkl/releases/download/0.31.0/pkl-windows-amd64.exe"

[[tools.python]]
version = "3.14.3"
backend = "core:python"

[tools.python."platforms.linux-arm64"]
checksum = "sha256:89e2cfba1b1ca974a8d2b7aa054d8c32a9301b1168fde2bf1c9a5270488c018f"
url = "https://github.com/astral-sh/python-build-standalone/releases/download/20260310/cpython-3.14.3+20260310-aarch64-unknown-linux-gnu-install_only_stripped.tar.gz"

[tools.python."platforms.linux-arm64-musl"]
checksum = "sha256:89e2cfba1b1ca974a8d2b7aa054d8c32a9301b1168fde2bf1c9a5270488c018f"
url = "https://github.com/astral-sh/python-build-standalone/releases/download/20260310/cpython-3.14.3+20260310-aarch64-unknown-linux-gnu-install_only_stripped.tar.gz"

[tools.python."platforms.linux-x64"]
checksum = "sha256:0023aa5e9930a70585e1b639055f4928f76080b2e1dcc2458453b595155a50ee"
url = "https://github.com/astral-sh/python-build-standalone/releases/download/20260310/cpython-3.14.3+20260310-x86_64-unknown-linux-gnu-install_only_stripped.tar.gz"

[tools.python."platforms.linux-x64-musl"]
checksum = "sha256:0023aa5e9930a70585e1b639055f4928f76080b2e1dcc2458453b595155a50ee"
url = "https://github.com/astral-sh/python-build-standalone/releases/download/20260310/cpython-3.14.3+20260310-x86_64-unknown-linux-gnu-install_only_stripped.tar.gz"

[tools.python."platforms.macos-arm64"]
checksum = "sha256:1a98bbe7e63547d2f764bc9119f6d604dfb333f21afab5f4885dc362b4f3a921"
url = "https://github.com/astral-sh/python-build-standalone/releases/download/20260310/cpython-3.14.3+20260310-aarch64-apple-darwin-install_only_stripped.tar.gz"

[tools.python."platforms.macos-x64"]
checksum = "sha256:a974fefb14c2b724ca87830240d36fc865780391ec9e1e2db28a1d5f58f5fae2"
url = "https://github.com/astral-sh/python-build-standalone/releases/download/20260310/cpython-3.14.3+20260310-x86_64-apple-darwin-install_only_stripped.tar.gz"

[tools.python."platforms.windows-x64"]
checksum = "sha256:8458fdf45b9b47685a7dea76d72a4b8cf946091fe48cac43d3564f7f318e8c0f"
url = "https://github.com/astral-sh/python-build-standalone/releases/download/20260310/cpython-3.14.3+20260310-x86_64-pc-windows-msvc-install_only_stripped.tar.gz"

[[tools.shellcheck]]
version = "0.11.0"
backend = "aqua:koalaman/shellcheck"

[tools.shellcheck."platforms.macos-arm64"]
checksum = "blake3:ad4957ed937da4e876d19e3500fc31d104e43b6e4e11d57a7b7c40140bc870d6"
url = "https://github.com/koalaman/shellcheck/releases/download/v0.11.0/shellcheck-v0.11.0.darwin.aarch64.tar.xz"

[[tools.skaffold]]
version = "2.17.3"
backend = "aqua:GoogleContainerTools/skaffold"

[tools.skaffold."platforms.linux-arm64"]
url = "https://storage.googleapis.com/skaffold/releases/v2.17.3/skaffold-linux-arm64"

[tools.skaffold."platforms.linux-arm64-musl"]
url = "https://storage.googleapis.com/skaffold/releases/v2.17.3/skaffold-linux-arm64"

[tools.skaffold."platforms.linux-x64"]
url = "https://storage.googleapis.com/skaffold/releases/v2.17.3/skaffold-linux-amd64"

[tools.skaffold."platforms.linux-x64-musl"]
url = "https://storage.googleapis.com/skaffold/releases/v2.17.3/skaffold-linux-amd64"

[tools.skaffold."platforms.macos-arm64"]
checksum = "blake3:a80d1786f4232e69ca488701578b012821b767146db2b5ee48c51f2e95b28d75"
url = "https://storage.googleapis.com/skaffold/releases/v2.17.3/skaffold-darwin-arm64"

[tools.skaffold."platforms.macos-x64"]
url = "https://storage.googleapis.com/skaffold/releases/v2.17.3/skaffold-darwin-amd64"

[tools.skaffold."platforms.windows-x64"]
url = "https://storage.googleapis.com/skaffold/releases/v2.17.3/skaffold-windows-amd64.exe"

[[tools.slsa-verifier]]
version = "2.7.1"
backend = "ubi:slsa-framework/slsa-verifier"

[tools.slsa-verifier."platforms.macos-arm64-slsa-verifier"]
checksum = "blake3:af93f77462964b7eeb93b9f45ccedeefc641305f6618d9ffc2480d89b0cceed6"

[[tools.usage]]
version = "2.18.2"
backend = "ubi:jdx/usage"

[[tools.yq]]
version = "4.52.4"
backend = "aqua:mikefarah/yq"

[tools.yq."platforms.linux-arm64"]
checksum = "sha256:4c2cc022a129be5cc1187959bb4b09bebc7fb543c5837b93001c68f97ce39a5d"
url = "https://github.com/mikefarah/yq/releases/download/v4.52.4/yq_linux_arm64"

[tools.yq."platforms.linux-arm64-musl"]
checksum = "sha256:4c2cc022a129be5cc1187959bb4b09bebc7fb543c5837b93001c68f97ce39a5d"
url = "https://github.com/mikefarah/yq/releases/download/v4.52.4/yq_linux_arm64"

[tools.yq."platforms.linux-x64"]
checksum = "sha256:0c4d965ea944b64b8fddaf7f27779ee3034e5693263786506ccd1c120f184e8c"
url = "https://github.com/mikefarah/yq/releases/download/v4.52.4/yq_linux_amd64"

[tools.yq."platforms.linux-x64-musl"]
checksum = "sha256:0c4d965ea944b64b8fddaf7f27779ee3034e5693263786506ccd1c120f184e8c"
url = "https://github.com/mikefarah/yq/releases/download/v4.52.4/yq_linux_amd64"

[tools.yq."platforms.macos-arm64"]
checksum = "sha256:6bfa43a439936644d63c70308832390c8838290d064970eaada216219c218a13"
url = "https://github.com/mikefarah/yq/releases/download/v4.52.4/yq_darwin_arm64"

[tools.yq."platforms.macos-x64"]
checksum = "sha256:d72a75fe9953c707d395f653d90095b133675ddd61aa738e1ac9a73c6c05e8be"
url = "https://github.com/mikefarah/yq/releases/download/v4.52.4/yq_darwin_amd64"

[tools.yq."platforms.windows-x64"]
checksum = "sha256:b7c4186f8a3e32879ddf99389bf59a4b2861f0f1b41ef58647d903b0a11e8151"
url = "https://github.com/mikefarah/yq/releases/download/v4.52.4/yq_windows_amd64.exe"
